
Microsoft Visual Studio Solution File, Format Version 12.00
# Visual Studio Version 17
VisualStudioVersion = 17.14.36408.4 d17.14
MinimumVisualStudioVersion = 10.0.40219.1
Project("{FAE04EC0-301F-11D3-BF4B-00C04F79EFBC}") = "AR_App", "AR_App\AR_App.csproj", "{BF2BEB28-529B-4A1A-87B1-D81A32E7CA5C}"
EndProject
Global
	GlobalSection(SolutionConfigurationPlatforms) = preSolution
		Debug|Any CPU = Debug|Any CPU
		Release|Any CPU = Release|Any CPU
	EndGlobalSection
	GlobalSection(ProjectConfigurationPlatforms) = postSolution
		{BF2BEB28-529B-4A1A-87B1-D81A32E7CA5C}.Debug|Any CPU.ActiveCfg = Debug|Any CPU
		{BF2BEB28-529B-4A1A-87B1-D81A32E7CA5C}.Debug|Any CPU.Build.0 = Debug|Any CPU
		{BF2BEB28-529B-4A1A-87B1-D81A32E7CA5C}.Debug|Any CPU.Deploy.0 = Debug|Any CPU
		{BF2BEB28-529B-4A1A-87B1-D81A32E7CA5C}.Release|Any CPU.ActiveCfg = Release|Any CPU
		{BF2BEB28-529B-4A1A-87B1-D81A32E7CA5C}.Release|Any CPU.Build.0 = Release|Any CPU
		{BF2BEB28-529B-4A1A-87B1-D81A32E7CA5C}.Release|Any CPU.Deploy.0 = Release|Any CPU
	EndGlobalSection
	GlobalSection(SolutionProperties) = preSolution
		HideSolutionNode = FALSE
	EndGlobalSection
	GlobalSection(ExtensibilityGlobals) = postSolution
		SolutionGuid = {60B16D5A-507D-4E9A-B6E5-C5BA1B751734}
	EndGlobalSection
EndGlobal
